
Microsoft Visual Studio Solution File, Format Version 12.00
# Visual Studio 15
VisualStudioVersion = 15.0.28010.2048
MinimumVisualStudioVersion = 10.0.40219.1
Project("{FAE04EC0-301F-11D3-BF4B-00C04F79EFBC}") = "Receipty", "Receipty\Receipty.csproj", "{3F489537-593F-4356-B77F-147474182829}"
EndProject
Global
	GlobalSection(SolutionConfigurationPlatforms) = preSolution
		Debug|Any CPU = Debug|Any CPU
		Release|Any CPU = Release|Any CPU
	EndGlobalSection
	GlobalSection(ProjectConfigurationPlatforms) = postSolution
		{3F489537-593F-4356-B77F-147474182829}.Debug|Any CPU.ActiveCfg = Debug|Any CPU
		{3F489537-593F-4356-B77F-147474182829}.Debug|Any CPU.Build.0 = Debug|Any CPU
		{3F489537-593F-4356-B77F-147474182829}.Debug|Any CPU.Deploy.0 = Debug|Any CPU
		{3F489537-593F-4356-B77F-147474182829}.Release|Any CPU.ActiveCfg = Release|Any CPU
		{3F489537-593F-4356-B77F-147474182829}.Release|Any CPU.Build.0 = Release|Any CPU
		{3F489537-593F-4356-B77F-147474182829}.Release|Any CPU.Deploy.0 = Release|Any CPU
	EndGlobalSection
	GlobalSection(SolutionProperties) = preSolution
		HideSolutionNode = FALSE
	EndGlobalSection
	GlobalSection(ExtensibilityGlobals) = postSolution
		SolutionGuid = {76D5152A-4D51-42C1-A66E-11E0B530B826}
	EndGlobalSection
EndGlobal
